
Microsoft Visual Studio Solution File, Format Version 12.00
# Visual Studio Version 17
VisualStudioVersion = 17.12.35527.113
MinimumVisualStudioVersion = 10.0.40219.1
Project("{FAE04EC0-301F-11D3-BF4B-00C04F79EFBC}") = "Shop", "./src/Shop.csproj", "{581350E7-81CD-4117-8ABF-DFA0EC03AEE1}"
EndProject
Project("{FAE04EC0-301F-11D3-BF4B-00C04F79EFBC}") = "Domain", "./src/Domain/Domain.csproj", "{A1B2C3D4-E5F6-7890-ABCD-123456789ABC}"
EndProject
Project("{FAE04EC0-301F-11D3-BF4B-00C04F79EFBC}") = "Infrastructure", "./src/Infrastructure/Infrastructure.csproj", "{299FAF51-165F-91DF-E10B-054E8650543D}"
EndProject
Project("{2150E333-8FDC-42A3-9474-1A3956D46DE8}") = "tests", "tests", "{0AB3BF05-4346-4AA6-1389-037BE0695223}"
EndProject
Project("{FAE04EC0-301F-11D3-BF4B-00C04F79EFBC}") = "Shop.UnitTests", "tests\Shop.UnitTests\Shop.UnitTests.csproj", "{0509828B-BE4C-4F0A-A3A4-6070E37C23C4}"
EndProject
Project("{FAE04EC0-301F-11D3-BF4B-00C04F79EFBC}") = "Shop.IntegrationTests", "tests\Shop.IntegrationTests\Shop.IntegrationTests.csproj", "{408A0BF8-DED7-4863-92C3-2E9385F21AF8}"
EndProject
Global
	GlobalSection(SolutionConfigurationPlatforms) = preSolution
		Debug|Any CPU = Debug|Any CPU
		Debug|x64 = Debug|x64
		Debug|x86 = Debug|x86
		Release|Any CPU = Release|Any CPU
		Release|x64 = Release|x64
		Release|x86 = Release|x86
	EndGlobalSection
	GlobalSection(ProjectConfigurationPlatforms) = postSolution
		{581350E7-81CD-4117-8ABF-DFA0EC03AEE1}.Debug|Any CPU.ActiveCfg = Debug|Any CPU
		{581350E7-81CD-4117-8ABF-DFA0EC03AEE1}.Debug|Any CPU.Build.0 = Debug|Any CPU
		{581350E7-81CD-4117-8ABF-DFA0EC03AEE1}.Debug|x64.ActiveCfg = Debug|Any CPU
		{581350E7-81CD-4117-8ABF-DFA0EC03AEE1}.Debug|x64.Build.0 = Debug|Any CPU
		{581350E7-81CD-4117-8ABF-DFA0EC03AEE1}.Debug|x86.ActiveCfg = Debug|Any CPU
		{581350E7-81CD-4117-8ABF-DFA0EC03AEE1}.Debug|x86.Build.0 = Debug|Any CPU
		{581350E7-81CD-4117-8ABF-DFA0EC03AEE1}.Release|Any CPU.ActiveCfg = Release|Any CPU
		{581350E7-81CD-4117-8ABF-DFA0EC03AEE1}.Release|Any CPU.Build.0 = Release|Any CPU
		{581350E7-81CD-4117-8ABF-DFA0EC03AEE1}.Release|x64.ActiveCfg = Release|Any CPU
		{581350E7-81CD-4117-8ABF-DFA0EC03AEE1}.Release|x64.Build.0 = Release|Any CPU
		{581350E7-81CD-4117-8ABF-DFA0EC03AEE1}.Release|x86.ActiveCfg = Release|Any CPU
		{581350E7-81CD-4117-8ABF-DFA0EC03AEE1}.Release|x86.Build.0 = Release|Any CPU
		{A1B2C3D4-E5F6-7890-ABCD-123456789ABC}.Debug|Any CPU.ActiveCfg = Debug|Any CPU
		{A1B2C3D4-E5F6-7890-ABCD-123456789ABC}.Debug|Any CPU.Build.0 = Debug|Any CPU
		{A1B2C3D4-E5F6-7890-ABCD-123456789ABC}.Debug|x64.ActiveCfg = Debug|Any CPU
		{A1B2C3D4-E5F6-7890-ABCD-123456789ABC}.Debug|x64.Build.0 = Debug|Any CPU
		{A1B2C3D4-E5F6-7890-ABCD-123456789ABC}.Debug|x86.ActiveCfg = Debug|Any CPU
		{A1B2C3D4-E5F6-7890-ABCD-123456789ABC}.Debug|x86.Build.0 = Debug|Any CPU
		{A1B2C3D4-E5F6-7890-ABCD-123456789ABC}.Release|Any CPU.ActiveCfg = Release|Any CPU
		{A1B2C3D4-E5F6-7890-ABCD-123456789ABC}.Release|Any CPU.Build.0 = Release|Any CPU
		{A1B2C3D4-E5F6-7890-ABCD-123456789ABC}.Release|x64.ActiveCfg = Release|Any CPU
		{A1B2C3D4-E5F6-7890-ABCD-123456789ABC}.Release|x64.Build.0 = Release|Any CPU
		{A1B2C3D4-E5F6-7890-ABCD-123456789ABC}.Release|x86.ActiveCfg = Release|Any CPU
		{A1B2C3D4-E5F6-7890-ABCD-123456789ABC}.Release|x86.Build.0 = Release|Any CPU
		{299FAF51-165F-91DF-E10B-054E8650543D}.Debug|x64.ActiveCfg = Debug|Any CPU
		{299FAF51-165F-91DF-E10B-054E8650543D}.Debug|x64.Build.0 = Debug|Any CPU
		{299FAF51-165F-91DF-E10B-054E8650543D}.Debug|x86.ActiveCfg = Debug|Any CPU
		{299FAF51-165F-91DF-E10B-054E8650543D}.Debug|x86.Build.0 = Debug|Any CPU
		{299FAF51-165F-91DF-E10B-054E8650543D}.Release|x64.ActiveCfg = Release|Any CPU
		{299FAF51-165F-91DF-E10B-054E8650543D}.Release|x64.Build.0 = Release|Any CPU
		{299FAF51-165F-91DF-E10B-054E8650543D}.Release|x86.ActiveCfg = Release|Any CPU
		{299FAF51-165F-91DF-E10B-054E8650543D}.Release|x86.Build.0 = Release|Any CPU
		{0509828B-BE4C-4F0A-A3A4-6070E37C23C4}.Debug|Any CPU.ActiveCfg = Debug|Any CPU
		{0509828B-BE4C-4F0A-A3A4-6070E37C23C4}.Debug|Any CPU.Build.0 = Debug|Any CPU
		{0509828B-BE4C-4F0A-A3A4-6070E37C23C4}.Debug|x64.ActiveCfg = Debug|Any CPU
		{0509828B-BE4C-4F0A-A3A4-6070E37C23C4}.Debug|x64.Build.0 = Debug|Any CPU
		{0509828B-BE4C-4F0A-A3A4-6070E37C23C4}.Debug|x86.ActiveCfg = Debug|Any CPU
		{0509828B-BE4C-4F0A-A3A4-6070E37C23C4}.Debug|x86.Build.0 = Debug|Any CPU
		{0509828B-BE4C-4F0A-A3A4-6070E37C23C4}.Release|Any CPU.ActiveCfg = Release|Any CPU
		{0509828B-BE4C-4F0A-A3A4-6070E37C23C4}.Release|Any CPU.Build.0 = Release|Any CPU
		{0509828B-BE4C-4F0A-A3A4-6070E37C23C4}.Release|x64.ActiveCfg = Release|Any CPU
		{0509828B-BE4C-4F0A-A3A4-6070E37C23C4}.Release|x64.Build.0 = Release|Any CPU
		{0509828B-BE4C-4F0A-A3A4-6070E37C23C4}.Release|x86.ActiveCfg = Release|Any CPU
		{0509828B-BE4C-4F0A-A3A4-6070E37C23C4}.Release|x86.Build.0 = Release|Any CPU
		{408A0BF8-DED7-4863-92C3-2E9385F21AF8}.Debug|Any CPU.ActiveCfg = Debug|Any CPU
		{408A0BF8-DED7-4863-92C3-2E9385F21AF8}.Debug|Any CPU.Build.0 = Debug|Any CPU
		{408A0BF8-DED7-4863-92C3-2E9385F21AF8}.Debug|x64.ActiveCfg = Debug|Any CPU
		{408A0BF8-DED7-4863-92C3-2E9385F21AF8}.Debug|x64.Build.0 = Debug|Any CPU
		{408A0BF8-DED7-4863-92C3-2E9385F21AF8}.Debug|x86.ActiveCfg = Debug|Any CPU
		{408A0BF8-DED7-4863-92C3-2E9385F21AF8}.Debug|x86.Build.0 = Debug|Any CPU
		{408A0BF8-DED7-4863-92C3-2E9385F21AF8}.Release|Any CPU.ActiveCfg = Release|Any CPU
		{408A0BF8-DED7-4863-92C3-2E9385F21AF8}.Release|Any CPU.Build.0 = Release|Any CPU
		{408A0BF8-DED7-4863-92C3-2E9385F21AF8}.Release|x64.ActiveCfg = Release|Any CPU
		{408A0BF8-DED7-4863-92C3-2E9385F21AF8}.Release|x64.Build.0 = Release|Any CPU
		{408A0BF8-DED7-4863-92C3-2E9385F21AF8}.Release|x86.ActiveCfg = Release|Any CPU
		{408A0BF8-DED7-4863-92C3-2E9385F21AF8}.Release|x86.Build.0 = Release|Any CPU
	EndGlobalSection
	GlobalSection(SolutionProperties) = preSolution
		HideSolutionNode = FALSE
	EndGlobalSection
	GlobalSection(NestedProjects) = preSolution
		{0509828B-BE4C-4F0A-A3A4-6070E37C23C4} = {0AB3BF05-4346-4AA6-1389-037BE0695223}
		{408A0BF8-DED7-4863-92C3-2E9385F21AF8} = {0AB3BF05-4346-4AA6-1389-037BE0695223}
	EndGlobalSection
EndGlobal
